# THIS IS AN AUTOGENERATED FILE. DO NOT EDIT THIS FILE DIRECTLY.
# yarn lockfile v1


"@fortawesome/fontawesome-free@^6.7.2":
  version "6.7.2"
  resolved "https://registry.yarnpkg.com/@fortawesome/fontawesome-free/-/fontawesome-free-6.7.2.tgz#8249de9b7e22fcb3ceb5e66090c30a1d5492b81a"
  integrity sha512-JUOtgFW6k9u4Y+xeIaEiLr3+cjoUPiAuLXoyKOJSia6Duzb7pq+A76P9ZdPDoAoxHdHzq6gE9/jKBGXlZT8FbA==

controllers@^0.0.2:
  version "0.0.2"
  resolved "https://registry.yarnpkg.com/controllers/-/controllers-0.0.2.tgz#c60cb523d72e5e1ac6f19539b057921cd6c59909"
  integrity sha512-Xhe4m8rr1reyM9jHIxaJQMR/P7ItoXvYhqFATht/5XMWcuONaFbYUNnV7/6WxR58uc+d4OHU9rLuKYK+5KUopw==
